
Microsoft Visual Studio Solution File, Format Version 12.00
# Visual Studio Version 16
VisualStudioVersion = 16.0.32228.343
MinimumVisualStudioVersion = 10.0.40219.1
Project("{FAE04EC0-301F-11D3-BF4B-00C04F79EFBC}") = "GOL", "GOL\GOL.csproj", "{062DB70D-3854-47B4-B70B-901F520FB1DE}"
EndProject
Global
	GlobalSection(SolutionConfigurationPlatforms) = preSolution
		Debug|Any CPU = Debug|Any CPU
		Release|Any CPU = Release|Any CPU
	EndGlobalSection
	GlobalSection(ProjectConfigurationPlatforms) = postSolution
		{062DB70D-3854-47B4-B70B-901F520FB1DE}.Debug|Any CPU.ActiveCfg = Debug|Any CPU
		{062DB70D-3854-47B4-B70B-901F520FB1DE}.Debug|Any CPU.Build.0 = Debug|Any CPU
		{062DB70D-3854-47B4-B70B-901F520FB1DE}.Release|Any CPU.ActiveCfg = Release|Any CPU
		{062DB70D-3854-47B4-B70B-901F520FB1DE}.Release|Any CPU.Build.0 = Release|Any CPU
	EndGlobalSection
	GlobalSection(SolutionProperties) = preSolution
		HideSolutionNode = FALSE
	EndGlobalSection
	GlobalSection(ExtensibilityGlobals) = postSolution
		SolutionGuid = {812A398C-75BE-4326-A72C-09C4D99E2C73}
	EndGlobalSection
EndGlobal
